
Microsoft Visual Studio Solution File, Format Version 12.00
# Visual Studio Version 16
VisualStudioVersion = 16.0.29102.190
MinimumVisualStudioVersion = 10.0.40219.1
Project("{FAE04EC0-301F-11D3-BF4B-00C04F79EFBC}") = "AspNetCore.Consul.Test", "AspNetCore.Consul.Test.csproj", "{78835C32-FC72-4E98-9175-040AA5D69CF0}"
EndProject
Global
	GlobalSection(SolutionConfigurationPlatforms) = preSolution
		Debug|Any CPU = Debug|Any CPU
		Release|Any CPU = Release|Any CPU
	EndGlobalSection
	GlobalSection(ProjectConfigurationPlatforms) = postSolution
		{78835C32-FC72-4E98-9175-040AA5D69CF0}.Debug|Any CPU.ActiveCfg = Debug|Any CPU
		{78835C32-FC72-4E98-9175-040AA5D69CF0}.Debug|Any CPU.Build.0 = Debug|Any CPU
		{78835C32-FC72-4E98-9175-040AA5D69CF0}.Release|Any CPU.ActiveCfg = Release|Any CPU
		{78835C32-FC72-4E98-9175-040AA5D69CF0}.Release|Any CPU.Build.0 = Release|Any CPU
	EndGlobalSection
	GlobalSection(SolutionProperties) = preSolution
		HideSolutionNode = FALSE
	EndGlobalSection
	GlobalSection(ExtensibilityGlobals) = postSolution
		SolutionGuid = {86E9E57D-DA02-4069-93E1-9A6BDD0CE4C3}
	EndGlobalSection
EndGlobal
